
Microsoft Visual Studio Solution File, Format Version 12.00
# Visual Studio Version 17
VisualStudioVersion = 17.1.32210.238
MinimumVisualStudioVersion = 10.0.40219.1
Project("{9A19103F-16F7-4668-BE54-9A1E7A4F7556}") = "ATM", "ATM\ATM.csproj", "{C97B5E10-0F82-45E4-B874-62B6E586C8E6}"
EndProject
Project("{FAE04EC0-301F-11D3-BF4B-00C04F79EFBC}") = "PL", "PL\PL.csproj", "{A5884C0A-55F9-4785-9CEA-2CF838C33B8A}"
EndProject
Project("{FAE04EC0-301F-11D3-BF4B-00C04F79EFBC}") = "BLL", "BLL\BLL.csproj", "{87F7CDD7-0C3A-40A2-BD00-D6FCFB9E358B}"
EndProject
Project("{FAE04EC0-301F-11D3-BF4B-00C04F79EFBC}") = "DAL", "DAL\DAL.csproj", "{A0773E43-0868-4BB0-B375-2E91647CF6BB}"
EndProject
Project("{FAE04EC0-301F-11D3-BF4B-00C04F79EFBC}") = "BO", "BO\BO.csproj", "{8C600FA3-B54E-4B5E-AD19-86B55A00E8AA}"
EndProject
Global
	GlobalSection(SolutionConfigurationPlatforms) = preSolution
		Debug|Any CPU = Debug|Any CPU
		Release|Any CPU = Release|Any CPU
	EndGlobalSection
	GlobalSection(ProjectConfigurationPlatforms) = postSolution
		{C97B5E10-0F82-45E4-B874-62B6E586C8E6}.Debug|Any CPU.ActiveCfg = Debug|Any CPU
		{C97B5E10-0F82-45E4-B874-62B6E586C8E6}.Debug|Any CPU.Build.0 = Debug|Any CPU
		{C97B5E10-0F82-45E4-B874-62B6E586C8E6}.Release|Any CPU.ActiveCfg = Release|Any CPU
		{C97B5E10-0F82-45E4-B874-62B6E586C8E6}.Release|Any CPU.Build.0 = Release|Any CPU
		{A5884C0A-55F9-4785-9CEA-2CF838C33B8A}.Debug|Any CPU.ActiveCfg = Debug|Any CPU
		{A5884C0A-55F9-4785-9CEA-2CF838C33B8A}.Debug|Any CPU.Build.0 = Debug|Any CPU
		{A5884C0A-55F9-4785-9CEA-2CF838C33B8A}.Release|Any CPU.ActiveCfg = Release|Any CPU
		{A5884C0A-55F9-4785-9CEA-2CF838C33B8A}.Release|Any CPU.Build.0 = Release|Any CPU
		{87F7CDD7-0C3A-40A2-BD00-D6FCFB9E358B}.Debug|Any CPU.ActiveCfg = Debug|Any CPU
		{87F7CDD7-0C3A-40A2-BD00-D6FCFB9E358B}.Debug|Any CPU.Build.0 = Debug|Any CPU
		{87F7CDD7-0C3A-40A2-BD00-D6FCFB9E358B}.Release|Any CPU.ActiveCfg = Release|Any CPU
		{87F7CDD7-0C3A-40A2-BD00-D6FCFB9E358B}.Release|Any CPU.Build.0 = Release|Any CPU
		{A0773E43-0868-4BB0-B375-2E91647CF6BB}.Debug|Any CPU.ActiveCfg = Debug|Any CPU
		{A0773E43-0868-4BB0-B375-2E91647CF6BB}.Debug|Any CPU.Build.0 = Debug|Any CPU
		{A0773E43-0868-4BB0-B375-2E91647CF6BB}.Release|Any CPU.ActiveCfg = Release|Any CPU
		{A0773E43-0868-4BB0-B375-2E91647CF6BB}.Release|Any CPU.Build.0 = Release|Any CPU
		{8C600FA3-B54E-4B5E-AD19-86B55A00E8AA}.Debug|Any CPU.ActiveCfg = Debug|Any CPU
		{8C600FA3-B54E-4B5E-AD19-86B55A00E8AA}.Debug|Any CPU.Build.0 = Debug|Any CPU
		{8C600FA3-B54E-4B5E-AD19-86B55A00E8AA}.Release|Any CPU.ActiveCfg = Release|Any CPU
		{8C600FA3-B54E-4B5E-AD19-86B55A00E8AA}.Release|Any CPU.Build.0 = Release|Any CPU
	EndGlobalSection
	GlobalSection(SolutionProperties) = preSolution
		HideSolutionNode = FALSE
	EndGlobalSection
	GlobalSection(ExtensibilityGlobals) = postSolution
		SolutionGuid = {6B244830-D554-4970-897D-37384456347C}
	EndGlobalSection
EndGlobal
